
Microsoft Visual Studio Solution File, Format Version 12.00
# Visual Studio Version 17
VisualStudioVersion = 17.6.33829.357
MinimumVisualStudioVersion = 10.0.40219.1
Project("{FAE04EC0-301F-11D3-BF4B-00C04F79EFBC}") = "Alfasoft", "Alfasoft.csproj", "{7574E5BC-634A-45AC-985A-42862F16E13A}"
EndProject
Global
	GlobalSection(SolutionConfigurationPlatforms) = preSolution
		Debug|Any CPU = Debug|Any CPU
		Release|Any CPU = Release|Any CPU
	EndGlobalSection
	GlobalSection(ProjectConfigurationPlatforms) = postSolution
		{7574E5BC-634A-45AC-985A-42862F16E13A}.Debug|Any CPU.ActiveCfg = Debug|Any CPU
		{7574E5BC-634A-45AC-985A-42862F16E13A}.Debug|Any CPU.Build.0 = Debug|Any CPU
		{7574E5BC-634A-45AC-985A-42862F16E13A}.Release|Any CPU.ActiveCfg = Release|Any CPU
		{7574E5BC-634A-45AC-985A-42862F16E13A}.Release|Any CPU.Build.0 = Release|Any CPU
	EndGlobalSection
	GlobalSection(SolutionProperties) = preSolution
		HideSolutionNode = FALSE
	EndGlobalSection
	GlobalSection(ExtensibilityGlobals) = postSolution
		SolutionGuid = {0EB3F1AE-43CB-4A30-9E13-A38AA76F4788}
	EndGlobalSection
EndGlobal
